
Microsoft Visual Studio Solution File, Format Version 12.00
# Visual Studio Version 16
VisualStudioVersion = 16.0.28902.138
MinimumVisualStudioVersion = 10.0.40219.1
Project("{FAE04EC0-301F-11D3-BF4B-00C04F79EFBC}") = "KidAddition", "KidAddition.csproj", "{642E128D-ECC4-4514-BA59-11691E0D2FD4}"
EndProject
Global
	GlobalSection(SolutionConfigurationPlatforms) = preSolution
		Debug|Any CPU = Debug|Any CPU
		Release|Any CPU = Release|Any CPU
	EndGlobalSection
	GlobalSection(ProjectConfigurationPlatforms) = postSolution
		{642E128D-ECC4-4514-BA59-11691E0D2FD4}.Debug|Any CPU.ActiveCfg = Debug|Any CPU
		{642E128D-ECC4-4514-BA59-11691E0D2FD4}.Debug|Any CPU.Build.0 = Debug|Any CPU
		{642E128D-ECC4-4514-BA59-11691E0D2FD4}.Release|Any CPU.ActiveCfg = Release|Any CPU
		{642E128D-ECC4-4514-BA59-11691E0D2FD4}.Release|Any CPU.Build.0 = Release|Any CPU
	EndGlobalSection
	GlobalSection(SolutionProperties) = preSolution
		HideSolutionNode = FALSE
	EndGlobalSection
	GlobalSection(ExtensibilityGlobals) = postSolution
		SolutionGuid = {C936395D-0E34-482B-A9A0-C12F2DBBD407}
	EndGlobalSection
EndGlobal
